
Microsoft Visual Studio Solution File, Format Version 12.00
# Visual Studio Version 17
VisualStudioVersion = 17.7.34024.191
MinimumVisualStudioVersion = 10.0.40219.1
Project("{8BC9CEB8-8B4A-11D0-8D11-00A0C91BC942}") = "test_9_3", "test_9_3\test_9_3.vcxproj", "{9771B158-3CBF-4FC5-BEA6-78F4C2B8F44E}"
EndProject
Global
	GlobalSection(SolutionConfigurationPlatforms) = preSolution
		Debug|x64 = Debug|x64
		Debug|x86 = Debug|x86
		Release|x64 = Release|x64
		Release|x86 = Release|x86
	EndGlobalSection
	GlobalSection(ProjectConfigurationPlatforms) = postSolution
		{9771B158-3CBF-4FC5-BEA6-78F4C2B8F44E}.Debug|x64.ActiveCfg = Debug|x64
		{9771B158-3CBF-4FC5-BEA6-78F4C2B8F44E}.Debug|x64.Build.0 = Debug|x64
		{9771B158-3CBF-4FC5-BEA6-78F4C2B8F44E}.Debug|x86.ActiveCfg = Debug|Win32
		{9771B158-3CBF-4FC5-BEA6-78F4C2B8F44E}.Debug|x86.Build.0 = Debug|Win32
		{9771B158-3CBF-4FC5-BEA6-78F4C2B8F44E}.Release|x64.ActiveCfg = Release|x64
		{9771B158-3CBF-4FC5-BEA6-78F4C2B8F44E}.Release|x64.Build.0 = Release|x64
		{9771B158-3CBF-4FC5-BEA6-78F4C2B8F44E}.Release|x86.ActiveCfg = Release|Win32
		{9771B158-3CBF-4FC5-BEA6-78F4C2B8F44E}.Release|x86.Build.0 = Release|Win32
	EndGlobalSection
	GlobalSection(SolutionProperties) = preSolution
		HideSolutionNode = FALSE
	EndGlobalSection
	GlobalSection(ExtensibilityGlobals) = postSolution
		SolutionGuid = {CDFC41FF-40C4-4A54-8817-43323650CA80}
	EndGlobalSection
EndGlobal
